
Microsoft Visual Studio Solution File, Format Version 12.00
# Visual Studio Version 16
VisualStudioVersion = 16.0.32002.261
MinimumVisualStudioVersion = 10.0.40219.1
Project("{8BC9CEB8-8B4A-11D0-8D11-00A0C91BC942}") = "PointerLearning", "PointerLearning.vcxproj", "{832EE1E8-298E-48EC-AB77-08173A62F69B}"
EndProject
Global
	GlobalSection(SolutionConfigurationPlatforms) = preSolution
		Debug|x64 = Debug|x64
		Debug|x86 = Debug|x86
		Release|x64 = Release|x64
		Release|x86 = Release|x86
	EndGlobalSection
	GlobalSection(ProjectConfigurationPlatforms) = postSolution
		{832EE1E8-298E-48EC-AB77-08173A62F69B}.Debug|x64.ActiveCfg = Debug|x64
		{832EE1E8-298E-48EC-AB77-08173A62F69B}.Debug|x64.Build.0 = Debug|x64
		{832EE1E8-298E-48EC-AB77-08173A62F69B}.Debug|x86.ActiveCfg = Debug|Win32
		{832EE1E8-298E-48EC-AB77-08173A62F69B}.Debug|x86.Build.0 = Debug|Win32
		{832EE1E8-298E-48EC-AB77-08173A62F69B}.Release|x64.ActiveCfg = Release|x64
		{832EE1E8-298E-48EC-AB77-08173A62F69B}.Release|x64.Build.0 = Release|x64
		{832EE1E8-298E-48EC-AB77-08173A62F69B}.Release|x86.ActiveCfg = Release|Win32
		{832EE1E8-298E-48EC-AB77-08173A62F69B}.Release|x86.Build.0 = Release|Win32
	EndGlobalSection
	GlobalSection(SolutionProperties) = preSolution
		HideSolutionNode = FALSE
	EndGlobalSection
	GlobalSection(ExtensibilityGlobals) = postSolution
		SolutionGuid = {415E6625-B232-4A97-9548-960DD2860819}
	EndGlobalSection
EndGlobal
